
Microsoft Visual Studio Solution File, Format Version 12.00
# Visual Studio Version 17
VisualStudioVersion = 17.14.36327.8 d17.14
MinimumVisualStudioVersion = 10.0.40219.1
Project("{FAE04EC0-301F-11D3-BF4B-00C04F79EFBC}") = "VideoGameAPI", "VideoGameAPI\VideoGameAPI.csproj", "{8A70E41A-420F-40F7-95FA-3F062E7E74F2}"
EndProject
Global
	GlobalSection(SolutionConfigurationPlatforms) = preSolution
		Debug|Any CPU = Debug|Any CPU
		Release|Any CPU = Release|Any CPU
	EndGlobalSection
	GlobalSection(ProjectConfigurationPlatforms) = postSolution
		{8A70E41A-420F-40F7-95FA-3F062E7E74F2}.Debug|Any CPU.ActiveCfg = Debug|Any CPU
		{8A70E41A-420F-40F7-95FA-3F062E7E74F2}.Debug|Any CPU.Build.0 = Debug|Any CPU
		{8A70E41A-420F-40F7-95FA-3F062E7E74F2}.Release|Any CPU.ActiveCfg = Release|Any CPU
		{8A70E41A-420F-40F7-95FA-3F062E7E74F2}.Release|Any CPU.Build.0 = Release|Any CPU
	EndGlobalSection
	GlobalSection(SolutionProperties) = preSolution
		HideSolutionNode = FALSE
	EndGlobalSection
	GlobalSection(ExtensibilityGlobals) = postSolution
		SolutionGuid = {A0D37BE5-208C-49AE-96CB-2126C9F59853}
	EndGlobalSection
EndGlobal
